lockfileVersion: '9.0'

settings:
  autoInstallPeers: true
  excludeLinksFromLockfile: false

importers:

  .:
    dependencies:
      epubjs:
        specifier: ^0.3.93
        version: 0.3.93
      svelte:
        specifier: ^5.33.18
        version: 5.34.3
    devDependencies:
      '@rsbuild/core':
        specifier: ^1.3.22
        version: 1.3.22
      '@rsbuild/plugin-svelte':
        specifier: ^1.0.10
        version: 1.0.10(@rsbuild/core@1.3.22)(svelte@5.34.3)(typescript@5.8.3)
      svelte-check:
        specifier: ^4.2.1
        version: 4.2.1(svelte@5.34.3)(typescript@5.8.3)
      typescript:
        specifier: ^5.8.3
        version: 5.8.3

packages:

  '@ampproject/remapping@2.3.0':
    resolution: {integrity: sha512-30iZtAPgz+LTIYoeivqYo853f02jBYSd5uGnGpkFV0M3xOt9aN73erkgYAmZU43x4VfqcnLxW9Kpg3R5LC4YYw==}
    engines: {node: '>=6.0.0'}

  '@jridgewell/gen-mapping@0.3.8':
    resolution: {integrity: sha512-imAbBGkb+ebQyxKgzv5Hu2nmROxoDOXHh80evxdoXNOrvAnVx7zimzc1Oo5h9RlfV4vPXaE2iM5pOFbvOCClWA==}
    engines: {node: '>=6.0.0'}

  '@jridgewell/resolve-uri@3.1.2':
    resolution: {integrity: sha512-bRISgCIjP20/tbWSPWMEi54QVPRZExkuD9lJL+UIxUKtwVJA8wW1Trb1jMs1RFXo1CBTNZ/5hpC9QvmKWdopKw==}
    engines: {node: '>=6.0.0'}

  '@jridgewell/set-array@1.2.1':
    resolution: {integrity: sha512-R8gLRTZeyp03ymzP/6Lil/28tGeGEzhx1q2k703KGWRAI1VdvPIXdG70VJc2pAMw3NA6JKL5hhFu1sJX0Mnn/A==}
    engines: {node: '>=6.0.0'}

  '@jridgewell/sourcemap-codec@1.5.0':
    resolution: {integrity: sha512-gv3ZRaISU3fjPAgNsriBRqGWQL6quFx04YMPW/zD8XMLsU32mhCCbfbO6KZFLjvYpCZ8zyDEgqsgf+PwPaM7GQ==}

  '@jridgewell/trace-mapping@0.3.25':
    resolution: {integrity: sha512-vNk6aEwybGtawWmy/PzwnGDOjCkLWSD2wqvjGGAgOAwCGWySYXfYoxt00IJkTF+8Lb57DwOb3Aa0o9CApepiYQ==}

  '@module-federation/error-codes@0.14.0':
    resolution: {integrity: sha512-GGk+EoeSACJikZZyShnLshtq9E2eCrDWbRiB4QAFXCX4oYmGgFfzXlx59vMNwqTKPJWxkEGnPYacJMcr2YYjag==}

  '@module-federation/runtime-core@0.14.0':
    resolution: {integrity: sha512-fGE1Ro55zIFDp/CxQuRhKQ1pJvG7P0qvRm2N+4i8z++2bgDjcxnCKUqDJ8lLD+JfJQvUJf0tuSsJPgevzueD4g==}

  '@module-federation/runtime-tools@0.14.0':
    resolution: {integrity: sha512-y/YN0c2DKsLETE+4EEbmYWjqF9G6ZwgZoDIPkaQ9p0pQu0V4YxzWfQagFFxR0RigYGuhJKmSU/rtNoHq+qF8jg==}

  '@module-federation/runtime@0.14.0':
    resolution: {integrity: sha512-kR3cyHw/Y64SEa7mh4CHXOEQYY32LKLK75kJOmBroLNLO7/W01hMNAvGBYTedS7hWpVuefPk1aFZioy3q2VLdQ==}

  '@module-federation/sdk@0.14.0':
    resolution: {integrity: sha512-lg/OWRsh18hsyTCamOOhEX546vbDiA2O4OggTxxH2wTGr156N6DdELGQlYIKfRdU/0StgtQS81Goc0BgDZlx9A==}

  '@module-federation/webpack-bundler-runtime@0.14.0':
    resolution: {integrity: sha512-POWS6cKBicAAQ3DNY5X7XEUSfOfUsRaBNxbuwEfSGlrkTE9UcWheO06QP2ndHi8tHQuUKcIHi2navhPkJ+k5xg==}

  '@rsbuild/core@1.3.22':
    resolution: {integrity: sha512-FGB7m8Tn/uiOhvqk0lw+NRMyD+VYJ+eBqVfpn0X11spkJDiPWn8UkMRvfzCX4XFcNZwRKYuuKJaZK1DNU8UG+w==}
    engines: {node: '>=16.10.0'}
    hasBin: true

  '@rsbuild/plugin-svelte@1.0.10':
    resolution: {integrity: sha512-505FK9A+AceRJZkczmeIjokxppZEzSl8i+hl0YtvvBm3+m3ZeELkJ0+rfuqxZmzRXY6POwiaNb1H3Bc8dS2fqA==}
    peerDependencies:
      '@rsbuild/core': 1.x

  '@rspack/binding-darwin-arm64@1.3.12':
    resolution: {integrity: sha512-8hKjVTBeWPqkMzFPNWIh72oU9O3vFy3e88wRjMPImDCXBiEYrKqGTTLd/J0SO+efdL3SBD1rX1IvdJpxCv6Yrw==}
    cpu: [arm64]
    os: [darwin]

  '@rspack/binding-darwin-x64@1.3.12':
    resolution: {integrity: sha512-Sj4m+mCUxL7oCpdu7OmWT7fpBM7hywk5CM9RDc3D7StaBZbvNtNftafCrTZzTYKuZrKmemTh5SFzT5Tz7tf6GA==}
    cpu: [x64]
    os: [darwin]

  '@rspack/binding-linux-arm64-gnu@1.3.12':
    resolution: {integrity: sha512-7MuOxf3/Mhv4mgFdLTvgnt/J+VouNR65DEhorth+RZm3LEWojgoFEphSAMAvpvAOpYSS68Sw4SqsOZi719ia2w==}
    cpu: [arm64]
    os: [linux]

  '@rspack/binding-linux-arm64-musl@1.3.12':
    resolution: {integrity: sha512-s6KKj20T9Z1bA8caIjU6EzJbwyDo1URNFgBAlafCT2UC6yX7flstDJJ38CxZacA9A2P24RuQK2/jPSZpWrTUFA==}
    cpu: [arm64]
    os: [linux]

  '@rspack/binding-linux-x64-gnu@1.3.12':
    resolution: {integrity: sha512-0w/sRREYbRgHgWvs2uMEJSLfvzbZkPHUg6CMcYQGNVK6axYRot6jPyKetyFYA9pR5fB5rsXegpnFaZaVrRIK2g==}
    cpu: [x64]
    os: [linux]

  '@rspack/binding-linux-x64-musl@1.3.12':
    resolution: {integrity: sha512-jEdxkPymkRxbijDRsBGdhopcbGXiXDg59lXqIRkVklqbDmZ/O6DHm7gImmlx5q9FoWbz0gqJuOKBz4JqWxjWVA==}
    cpu: [x64]
    os: [linux]

  '@rspack/binding-win32-arm64-msvc@1.3.12':
    resolution: {integrity: sha512-ZRvUCb3TDLClAqcTsl/o9UdJf0B5CgzAxgdbnYJbldyuyMeTUB4jp20OfG55M3C2Nute2SNhu2bOOp9Se5Ongw==}
    cpu: [arm64]
    os: [win32]

  '@rspack/binding-win32-ia32-msvc@1.3.12':
    resolution: {integrity: sha512-1TKPjuXStPJr14f3ZHuv40Xc/87jUXx10pzVtrPnw+f3hckECHrbYU/fvbVzZyuXbsXtkXpYca6ygCDRJAoNeQ==}
    cpu: [ia32]
    os: [win32]

  '@rspack/binding-win32-x64-msvc@1.3.12':
    resolution: {integrity: sha512-lCR0JfnYKpV+a6r2A2FdxyUKUS4tajePgpPJN5uXDgMGwrDtRqvx+d0BHhwjFudQVJq9VVbRaL89s2MQ6u+xYw==}
    cpu: [x64]
    os: [win32]

  '@rspack/binding@1.3.12':
    resolution: {integrity: sha512-4Ic8lV0+LCBfTlH5aIOujIRWZOtgmG223zC4L3o8WY/+ESAgpdnK6lSSMfcYgRanYLAy3HOmFIp20jwskMpbAg==}

  '@rspack/core@1.3.12':
    resolution: {integrity: sha512-mAPmV4LPPRgxpouUrGmAE4kpF1NEWJGyM5coebsjK/zaCMSjw3mkdxiU2b5cO44oIi0Ifv5iGkvwbdrZOvMyFA==}
    engines: {node: '>=16.0.0'}
    peerDependencies:
      '@swc/helpers': '>=0.5.1'
    peerDependenciesMeta:
      '@swc/helpers':
        optional: true

  '@rspack/lite-tapable@1.0.1':
    resolution: {integrity: sha512-VynGOEsVw2s8TAlLf/uESfrgfrq2+rcXB1muPJYBWbsm1Oa6r5qVQhjA5ggM6z/coYPrsVMgovl3Ff7Q7OCp1w==}
    engines: {node: '>=16.0.0'}

  '@sveltejs/acorn-typescript@1.0.5':
    resolution: {integrity: sha512-IwQk4yfwLdibDlrXVE04jTZYlLnwsTT2PIOQQGNLWfjavGifnk1JD1LcZjZaBTRcxZu2FfPfNLOE04DSu9lqtQ==}
    peerDependencies:
      acorn: ^8.9.0

  '@swc/helpers@0.5.17':
    resolution: {integrity: sha512-5IKx/Y13RsYd+sauPb2x+U/xZikHjolzfuDgTAl/Tdf3Q8rslRvC19NKDLgAJQ6wsqADk10ntlv08nPFw/gO/A==}

  '@types/estree@1.0.8':
    resolution: {integrity: sha512-dWHzHa2WqEXI/O1E9OjrocMTKJl2mSrEolh1Iomrv6U+JuNwaHXsXx9bLu5gG7BUWFIN0skIQJQ/L1rIex4X6w==}

  '@types/localforage@0.0.34':
    resolution: {integrity: sha512-tJxahnjm9dEI1X+hQSC5f2BSd/coZaqbIl1m3TCl0q9SVuC52XcXfV0XmoCU1+PmjyucuVITwoTnN8OlTbEXXA==}
    deprecated: This is a stub types definition for localforage (https://github.com/localForage/localForage). localforage provides its own type definitions, so you don't need @types/localforage installed!

  '@xmldom/xmldom@0.7.13':
    resolution: {integrity: sha512-lm2GW5PkosIzccsaZIz7tp8cPADSIlIHWDFTR1N0SzfinhhYgeIQjFMz4rYzanCScr3DqQLeomUDArp6MWKm+g==}
    engines: {node: '>=10.0.0'}
    deprecated: this version is no longer supported, please update to at least 0.8.*

  acorn@8.15.0:
    resolution: {integrity: sha512-NZyJarBfL7nWwIq+FDL6Zp/yHEhePMNnnJ0y3qfieCrmNvYct8uvtiV41UvlSe6apAfk0fY1FbWx+NwfmpvtTg==}
    engines: {node: '>=0.4.0'}
    hasBin: true

  aria-query@5.3.2:
    resolution: {integrity: sha512-COROpnaoap1E2F000S62r6A60uHZnmlvomhfyT2DlTcrY1OrBKn2UhH7qn5wTC9zMvD0AY7csdPSNwKP+7WiQw==}
    engines: {node: '>= 0.4'}

  axobject-query@4.1.0:
    resolution: {integrity: sha512-qIj0G9wZbMGNLjLmg1PT6v2mE9AH2zlnADJD/2tC6E00hgmhUOfEB6greHPAfLRSufHqROIUTkw6E+M3lH0PTQ==}
    engines: {node: '>= 0.4'}

  big.js@5.2.2:
    resolution: {integrity: sha512-vyL2OymJxmarO8gxMr0mhChsO9QGwhynfuu4+MHTAW6czfq9humCB7rKpUjDd9YUiDPU4mzpyupFSvOClAwbmQ==}

  caniuse-lite@1.0.30001723:
    resolution: {integrity: sha512-1R/elMjtehrFejxwmexeXAtae5UO9iSyFn6G/I806CYC/BLyyBk1EPhrKBkWhy6wM6Xnm47dSJQec+tLJ39WHw==}

  chokidar@4.0.3:
    resolution: {integrity: sha512-Qgzu8kfBvo+cA4962jnP1KkS6Dop5NS6g7R5LFYJr4b8Ub94PPQXUksCw9PvXoeXPRRddRNC5C1JQUR2SMGtnA==}
    engines: {node: '>= 14.16.0'}

  clsx@2.1.1:
    resolution: {integrity: sha512-eYm0QWBtUrBWZWG0d386OGAw16Z995PiOVo2B7bjWSbHedGl5e0ZWaq65kOGgUSNesEIDkB9ISbTg/JK9dhCZA==}
    engines: {node: '>=6'}

  core-js@3.42.0:
    resolution: {integrity: sha512-Sz4PP4ZA+Rq4II21qkNqOEDTDrCvcANId3xpIgB34NDkWc3UduWj2dqEtN9yZIq8Dk3HyPI33x9sqqU5C8sr0g==}

  core-util-is@1.0.3:
    resolution: {integrity: sha512-ZQBvi1DcpJ4GDqanjucZ2Hj3wEO5pZDS89BWbkcrvdxksJorwUDDZamX9ldFkp9aw2lmBDLgkObEA4DWNJ9FYQ==}

  d@1.0.2:
    resolution: {integrity: sha512-MOqHvMWF9/9MX6nza0KgvFH4HpMU0EF5uUDXqX/BtxtU8NfB0QzRtJ8Oe/6SuS4kbhyzVJwjd97EA4PKrzJ8bw==}
    engines: {node: '>=0.12'}

  emojis-list@3.0.0:
    resolution: {integrity: sha512-/kyM18EfinwXZbno9FyUGeFh87KC8HRQBQGildHZbEuRyWFOmv1U10o9BBp8XVZDVNNuQKyIGIu5ZYAAXJ0V2Q==}
    engines: {node: '>= 4'}

  epubjs@0.3.93:
    resolution: {integrity: sha512-c06pNSdBxcXv3dZSbXAVLE1/pmleRhOT6mXNZo6INKmvuKpYB65MwU/lO7830czCtjIiK9i+KR+3S+p0wtljrw==}

  es5-ext@0.10.64:
    resolution: {integrity: sha512-p2snDhiLaXe6dahss1LddxqEm+SkuDvV8dnIQG0MWjyHpcMNfXKPE+/Cc0y+PhxJX3A4xGNeFCj5oc0BUh6deg==}
    engines: {node: '>=0.10'}

  es6-iterator@2.0.3:
    resolution: {integrity: sha512-zw4SRzoUkd+cl+ZoE15A9o1oQd920Bb0iOJMQkQhl3jNc03YqVjAhG7scf9C5KWRU/R13Orf588uCC6525o02g==}

  es6-symbol@3.1.4:
    resolution: {integrity: sha512-U9bFFjX8tFiATgtkJ1zg25+KviIXpgRvRHS8sau3GfhVzThRQrOeksPeT0BWW2MNZs1OEWJ1DPXOQMn0KKRkvg==}
    engines: {node: '>=0.12'}

  esm-env@1.2.2:
    resolution: {integrity: sha512-Epxrv+Nr/CaL4ZcFGPJIYLWFom+YeV1DqMLHJoEd9SYRxNbaFruBwfEX/kkHUJf55j2+TUbmDcmuilbP1TmXHA==}

  esniff@2.0.1:
    resolution: {integrity: sha512-kTUIGKQ/mDPFoJ0oVfcmyJn4iBDRptjNVIzwIFR7tqWXdVI9xfA2RMwY/gbSpJG3lkdWNEjLap/NqVHZiJsdfg==}
    engines: {node: '>=0.10'}

  esrap@1.4.9:
    resolution: {integrity: sha512-3OMlcd0a03UGuZpPeUC1HxR3nA23l+HEyCiZw3b3FumJIN9KphoGzDJKMXI1S72jVS1dsenDyQC0kJlO1U9E1g==}

  event-emitter@0.3.5:
    resolution: {integrity: sha512-D9rRn9y7kLPnJ+hMq7S/nhvoKwwvVJahBi2BPmx3bvbsEdK3W9ii8cBSGjP+72/LnM4n6fo3+dkCX5FeTQruXA==}

  ext@1.7.0:
    resolution: {integrity: sha512-6hxeJYaL110a9b5TEJSj0gojyHQAmA2ch5Os+ySCiA1QGdS697XWY1pzsrSjqA9LDEEgdB/KypIlR59RcLuHYw==}

  fdir@6.4.6:
    resolution: {integrity: sha512-hiFoqpyZcfNm1yc4u8oWCf9A2c4D3QjCrks3zmoVKVxpQRzmPNar1hUJcBG2RQHvEVGDN+Jm81ZheVLAQMK6+w==}
    peerDependencies:
      picomatch: ^3 || ^4
    peerDependenciesMeta:
      picomatch:
        optional: true

  immediate@3.0.6:
    resolution: {integrity: sha512-XXOFtyqDjNDAQxVfYxuF7g9Il/IbWmmlQg2MYKOH8ExIT1qg6xc4zyS3HaEEATgs1btfzxq15ciUiY7gjSXRGQ==}

  inherits@2.0.4:
    resolution: {integrity: sha512-k/vGaX4/Yla3WzyMCvTQOXYeIHvqOKtnqBduzTHpzpQZzAskKMhZ2K+EnBiSM9zGSoIFeMpXKxa4dYeZIQqewQ==}

  is-reference@3.0.3:
    resolution: {integrity: sha512-ixkJoqQvAP88E6wLydLGGqCJsrFUnqoH6HnaczB8XmDH1oaWU+xxdptvikTgaEhtZ53Ky6YXiBuUI2WXLMCwjw==}

  isarray@1.0.0:
    resolution: {integrity: sha512-VLghIWNM6ELQzo7zwmcg0NmTVyWKYjvIeM83yjp0wRDTmUnrM678fQbcKBo6n2CJEF0szoG//ytg+TKla89ALQ==}

  jiti@2.4.2:
    resolution: {integrity: sha512-rg9zJN+G4n2nfJl5MW3BMygZX56zKPNVEYYqq7adpmMh4Jn2QNEwhvQlFy6jPVdcod7txZtKHWnyZiA3a0zP7A==}
    hasBin: true

  json5@2.2.3:
    resolution: {integrity: sha512-XmOWe7eyHYH14cLdVPoyg+GOH3rYX++KpzrylJwSW98t3Nk+U8XOl8FWKOgwtzdb8lXGf6zYwDUzeHMWfxasyg==}
    engines: {node: '>=6'}
    hasBin: true

  jszip@3.10.1:
    resolution: {integrity: sha512-xXDvecyTpGLrqFrvkrUSoxxfJI5AH7U8zxxtVclpsUtMCq4JQ290LY8AW5c7Ggnr/Y/oK+bQMbqK2qmtk3pN4g==}

  lie@3.1.1:
    resolution: {integrity: sha512-RiNhHysUjhrDQntfYSfY4MU24coXXdEOgw9WGcKHNeEwffDYbF//u87M1EWaMGzuFoSbqW0C9C6lEEhDOAswfw==}

  lie@3.3.0:
    resolution: {integrity: sha512-UaiMJzeWRlEujzAuw5LokY1L5ecNQYZKfmyZ9L7wDHb/p5etKaxXhohBcrw0EYby+G/NA52vRSN4N39dxHAIwQ==}

  loader-utils@2.0.4:
    resolution: {integrity: sha512-xXqpXoINfFhgua9xiqD8fPFHgkoq1mmmpE92WlDbm9rNRd/EbRb+Gqf908T2DMfuHjjJlksiK2RbHVOdD/MqSw==}
    engines: {node: '>=8.9.0'}

  localforage@1.10.0:
    resolution: {integrity: sha512-14/H1aX7hzBBmmh7sGPd+AOMkkIrHM3Z1PAyGgZigA1H1p5O5ANnMyWzvpAETtG68/dC4pC0ncy3+PPGzXZHPg==}

  locate-character@3.0.0:
    resolution: {integrity: sha512-SW13ws7BjaeJ6p7Q6CO2nchbYEc3X3J6WrmTTDto7yMPqVSZTUyY5Tjbid+Ab8gLnATtygYtiDIJGQRRn2ZOiA==}

  lodash@4.17.21:
    resolution: {integrity: sha512-v2kDEe57lecTulaDIuNTPy3Ry4gLGJ6Z1O3vE1krgXZNrsQ+LFTGHVxVjcXPs17LhbZVGedAJv8XZ1tvj5FvSg==}

  magic-string@0.30.17:
    resolution: {integrity: sha512-sNPKHvyjVf7gyjwS4xGTaW/mCnF8wnjtifKBEhxfZ7E/S8tQ0rssrwGNn6q8JH/ohItJfSQp9mBtQYuTlH5QnA==}

  marks-pane@1.0.9:
    resolution: {integrity: sha512-Ahs4oeG90tbdPWwAJkAAoHg2lRR8lAs9mZXETNPO9hYg3AkjUJBKi1NQ4aaIQZVGrig7c/3NUV1jANl8rFTeMg==}

  mri@1.2.0:
    resolution: {integrity: sha512-tzzskb3bG8LvYGFF/mDTpq3jpI6Q9wc3LEmBaghu+DdCssd1FakN7Bc0hVNmEyGq1bq3RgfkCb3cmQLpNPOroA==}
    engines: {node: '>=4'}

  next-tick@1.1.0:
    resolution: {integrity: sha512-CXdUiJembsNjuToQvxayPZF9Vqht7hewsvy2sOWafLvi2awflj9mOC6bHIg50orX8IJvWKY9wYQ/zB2kogPslQ==}

  pako@1.0.11:
    resolution: {integrity: sha512-4hLB8Py4zZce5s4yd9XzopqwVv/yGNhV1Bl8NTmCq1763HeK2+EwVTv+leGeL13Dnh2wfbqowVPXCIO0z4taYw==}

  path-webpack@0.0.3:
    resolution: {integrity: sha512-AmeDxedoo5svf7aB3FYqSAKqMxys014lVKBzy1o/5vv9CtU7U4wgGWL1dA2o6MOzcD53ScN4Jmiq6VbtLz1vIQ==}

  picocolors@1.1.1:
    resolution: {integrity: sha512-xceH2snhtb5M9liqDsmEw56le376mTZkEX/jEb/RxNFyegNul7eNslCXP9FDj/Lcu0X8KEyMceP2ntpaHrDEVA==}

  process-nextick-args@2.0.1:
    resolution: {integrity: sha512-3ouUOpQhtgrbOa17J7+uxOTpITYWaGP7/AhoR3+A+/1e9skrzelGi/dXzEYyvbxubEF6Wn2ypscTKiKJFFn1ag==}

  readable-stream@2.3.8:
    resolution: {integrity: sha512-8p0AUk4XODgIewSi0l8Epjs+EVnWiK7NoDIEGU0HhE7+ZyY8D1IMY7odu5lRrFXGg71L15KG8QrPmum45RTtdA==}

  readdirp@4.1.2:
    resolution: {integrity: sha512-GDhwkLfywWL2s6vEjyhri+eXmfH6j1L7JE27WhqLeYzoh/A3DBaYGEj2H/HFZCn/kMfim73FXxEJTw06WtxQwg==}
    engines: {node: '>= 14.18.0'}

  sade@1.8.1:
    resolution: {integrity: sha512-xal3CZX1Xlo/k4ApwCFrHVACi9fBqJ7V+mwhBsuf/1IOKbBy098Fex+Wa/5QMubw09pSZ/u8EY8PWgevJsXp1A==}
    engines: {node: '>=6'}

  safe-buffer@5.1.2:
    resolution: {integrity: sha512-Gd2UZBJDkXlY7GbJxfsE8/nvKkUEU1G38c1siN6QP6a9PT9MmHB8GnpscSmMJSoF8LOIrt8ud/wPtojys4G6+g==}

  setimmediate@1.0.5:
    resolution: {integrity: sha512-MATJdZp8sLqDl/68LfQmbP8zKPLQNV6BIZoIgrscFDQ+RsvK/BxeDQOgyxKKoh0y/8h3BqVFnCqQ/gd+reiIXA==}

  string_decoder@1.1.1:
    resolution: {integrity: sha512-n/ShnvDi6FHbbVfviro+WojiFzv+s8MPMHBczVePfUpDJLwoLT0ht1l4YwBCbi8pJAveEEdnkHyPyTP/mzRfwg==}

  svelte-check@4.2.1:
    resolution: {integrity: sha512-e49SU1RStvQhoipkQ/aonDhHnG3qxHSBtNfBRb9pxVXoa+N7qybAo32KgA9wEb2PCYFNaDg7bZCdhLD1vHpdYA==}
    engines: {node: '>= 18.0.0'}
    hasBin: true
    peerDependencies:
      svelte: ^4.0.0 || ^5.0.0-next.0
      typescript: '>=5.0.0'

  svelte-dev-helper@1.1.9:
    resolution: {integrity: sha512-oU+Xv7Dl4kRU2kdFjsoPLfJfnt5hUhsFUZtuzI3Ku/f2iAFZqBoEuXOqK3N9ngD4dxQOmN4OKWPHVi3NeAeAfQ==}

  svelte-hmr@0.14.12:
    resolution: {integrity: sha512-4QSW/VvXuqVcFZ+RhxiR8/newmwOCTlbYIezvkeN6302YFRE8cXy0naamHcjz8Y9Ce3ITTZtrHrIL0AGfyo61w==}
    engines: {node: ^12.20 || ^14.13.1 || >= 16}
    peerDependencies:
      svelte: '>=3.19.0'

  svelte-loader@3.2.4:
    resolution: {integrity: sha512-e0HdDnkYH/MDx4/IfTSka5AOFg9yYJcPuoZJB5x0l60fkHjVjNvrrxr+rJegDG9J7ZymmdHt00/hdLw+QF299w==}
    peerDependencies:
      svelte: ^3.0.0 || ^4.0.0-next.0 || ^5.0.0-next.1

  svelte-preprocess@6.0.3:
    resolution: {integrity: sha512-PLG2k05qHdhmRG7zR/dyo5qKvakhm8IJ+hD2eFRQmMLHp7X3eJnjeupUtvuRpbNiF31RjVw45W+abDwHEmP5OA==}
    engines: {node: '>= 18.0.0'}
    peerDependencies:
      '@babel/core': ^7.10.2
      coffeescript: ^2.5.1
      less: ^3.11.3 || ^4.0.0
      postcss: ^7 || ^8
      postcss-load-config: '>=3'
      pug: ^3.0.0
      sass: ^1.26.8
      stylus: '>=0.55'
      sugarss: ^2.0.0 || ^3.0.0 || ^4.0.0
      svelte: ^4.0.0 || ^5.0.0-next.100 || ^5.0.0
      typescript: ^5.0.0
    peerDependenciesMeta:
      '@babel/core':
        optional: true
      coffeescript:
        optional: true
      less:
        optional: true
      postcss:
        optional: true
      postcss-load-config:
        optional: true
      pug:
        optional: true
      sass:
        optional: true
      stylus:
        optional: true
      sugarss:
        optional: true
      typescript:
        optional: true

  svelte@5.34.3:
    resolution: {integrity: sha512-Y0QKP2rfWD+ARKe91c4JgZgc/nXa2BfOnVBUjYUMB819m7VyPszihkjdzXPIV0qlGRZYEukpgNq7hgbzTbopJw==}
    engines: {node: '>=18'}

  tslib@2.8.1:
    resolution: {integrity: sha512-oJFu94HQb+KVduSUQL7wnpmqnfmLsOA/nAh6b6EH0wCEoK0/mPeXU6c3wKDV83MkOuHPRHtSXKKU99IBazS/2w==}

  type@2.7.3:
    resolution: {integrity: sha512-8j+1QmAbPvLZow5Qpi6NCaN8FB60p/6x8/vfNqOk/hC+HuvFZhL4+WfekuhQLiqFZXOgQdrs3B+XxEmCc6b3FQ==}

  typescript@5.8.3:
    resolution: {integrity: sha512-p1diW6TqL9L07nNxvRMM7hMMw4c5XOo/1ibL4aAIGmSAt9slTE1Xgw5KWuof2uTOvCg9BY7ZRi+GaF+7sfgPeQ==}
    engines: {node: '>=14.17'}
    hasBin: true

  util-deprecate@1.0.2:
    resolution: {integrity: sha512-EPD5q1uXyFxJpCrLnCc1nHnq3gOa6DZBocAIiI2TaSCA7VCJ1UJDMagCzIkXNsUYfD1daK//LTEQ8xiIbrHtcw==}

  zimmerframe@1.1.2:
    resolution: {integrity: sha512-rAbqEGa8ovJy4pyBxZM70hg4pE6gDgaQ0Sl9M3enG3I0d6H4XSAM3GeNGLKnsBpuijUow064sf7ww1nutC5/3w==}

snapshots:

  '@ampproject/remapping@2.3.0':
    dependencies:
      '@jridgewell/gen-mapping': 0.3.8
      '@jridgewell/trace-mapping': 0.3.25

  '@jridgewell/gen-mapping@0.3.8':
    dependencies:
      '@jridgewell/set-array': 1.2.1
      '@jridgewell/sourcemap-codec': 1.5.0
      '@jridgewell/trace-mapping': 0.3.25

  '@jridgewell/resolve-uri@3.1.2': {}

  '@jridgewell/set-array@1.2.1': {}

  '@jridgewell/sourcemap-codec@1.5.0': {}

  '@jridgewell/trace-mapping@0.3.25':
    dependencies:
      '@jridgewell/resolve-uri': 3.1.2
      '@jridgewell/sourcemap-codec': 1.5.0

  '@module-federation/error-codes@0.14.0': {}

  '@module-federation/runtime-core@0.14.0':
    dependencies:
      '@module-federation/error-codes': 0.14.0
      '@module-federation/sdk': 0.14.0

  '@module-federation/runtime-tools@0.14.0':
    dependencies:
      '@module-federation/runtime': 0.14.0
      '@module-federation/webpack-bundler-runtime': 0.14.0

  '@module-federation/runtime@0.14.0':
    dependencies:
      '@module-federation/error-codes': 0.14.0
      '@module-federation/runtime-core': 0.14.0
      '@module-federation/sdk': 0.14.0

  '@module-federation/sdk@0.14.0': {}

  '@module-federation/webpack-bundler-runtime@0.14.0':
    dependencies:
      '@module-federation/runtime': 0.14.0
      '@module-federation/sdk': 0.14.0

  '@rsbuild/core@1.3.22':
    dependencies:
      '@rspack/core': 1.3.12(@swc/helpers@0.5.17)
      '@rspack/lite-tapable': 1.0.1
      '@swc/helpers': 0.5.17
      core-js: 3.42.0
      jiti: 2.4.2

  '@rsbuild/plugin-svelte@1.0.10(@rsbuild/core@1.3.22)(svelte@5.34.3)(typescript@5.8.3)':
    dependencies:
      '@rsbuild/core': 1.3.22
      svelte-loader: 3.2.4(svelte@5.34.3)
      svelte-preprocess: 6.0.3(svelte@5.34.3)(typescript@5.8.3)
    transitivePeerDependencies:
      - '@babel/core'
      - coffeescript
      - less
      - postcss
      - postcss-load-config
      - pug
      - sass
      - stylus
      - sugarss
      - svelte
      - typescript

  '@rspack/binding-darwin-arm64@1.3.12':
    optional: true

  '@rspack/binding-darwin-x64@1.3.12':
    optional: true

  '@rspack/binding-linux-arm64-gnu@1.3.12':
    optional: true

  '@rspack/binding-linux-arm64-musl@1.3.12':
    optional: true

  '@rspack/binding-linux-x64-gnu@1.3.12':
    optional: true

  '@rspack/binding-linux-x64-musl@1.3.12':
    optional: true

  '@rspack/binding-win32-arm64-msvc@1.3.12':
    optional: true

  '@rspack/binding-win32-ia32-msvc@1.3.12':
    optional: true

  '@rspack/binding-win32-x64-msvc@1.3.12':
    optional: true

  '@rspack/binding@1.3.12':
    optionalDependencies:
      '@rspack/binding-darwin-arm64': 1.3.12
      '@rspack/binding-darwin-x64': 1.3.12
      '@rspack/binding-linux-arm64-gnu': 1.3.12
      '@rspack/binding-linux-arm64-musl': 1.3.12
      '@rspack/binding-linux-x64-gnu': 1.3.12
      '@rspack/binding-linux-x64-musl': 1.3.12
      '@rspack/binding-win32-arm64-msvc': 1.3.12
      '@rspack/binding-win32-ia32-msvc': 1.3.12
      '@rspack/binding-win32-x64-msvc': 1.3.12

  '@rspack/core@1.3.12(@swc/helpers@0.5.17)':
    dependencies:
      '@module-federation/runtime-tools': 0.14.0
      '@rspack/binding': 1.3.12
      '@rspack/lite-tapable': 1.0.1
      caniuse-lite: 1.0.30001723
    optionalDependencies:
      '@swc/helpers': 0.5.17

  '@rspack/lite-tapable@1.0.1': {}

  '@sveltejs/acorn-typescript@1.0.5(acorn@8.15.0)':
    dependencies:
      acorn: 8.15.0

  '@swc/helpers@0.5.17':
    dependencies:
      tslib: 2.8.1

  '@types/estree@1.0.8': {}

  '@types/localforage@0.0.34':
    dependencies:
      localforage: 1.10.0

  '@xmldom/xmldom@0.7.13': {}

  acorn@8.15.0: {}

  aria-query@5.3.2: {}

  axobject-query@4.1.0: {}

  big.js@5.2.2: {}

  caniuse-lite@1.0.30001723: {}

  chokidar@4.0.3:
    dependencies:
      readdirp: 4.1.2

  clsx@2.1.1: {}

  core-js@3.42.0: {}

  core-util-is@1.0.3: {}

  d@1.0.2:
    dependencies:
      es5-ext: 0.10.64
      type: 2.7.3

  emojis-list@3.0.0: {}

  epubjs@0.3.93:
    dependencies:
      '@types/localforage': 0.0.34
      '@xmldom/xmldom': 0.7.13
      core-js: 3.42.0
      event-emitter: 0.3.5
      jszip: 3.10.1
      localforage: 1.10.0
      lodash: 4.17.21
      marks-pane: 1.0.9
      path-webpack: 0.0.3

  es5-ext@0.10.64:
    dependencies:
      es6-iterator: 2.0.3
      es6-symbol: 3.1.4
      esniff: 2.0.1
      next-tick: 1.1.0

  es6-iterator@2.0.3:
    dependencies:
      d: 1.0.2
      es5-ext: 0.10.64
      es6-symbol: 3.1.4

  es6-symbol@3.1.4:
    dependencies:
      d: 1.0.2
      ext: 1.7.0

  esm-env@1.2.2: {}

  esniff@2.0.1:
    dependencies:
      d: 1.0.2
      es5-ext: 0.10.64
      event-emitter: 0.3.5
      type: 2.7.3

  esrap@1.4.9:
    dependencies:
      '@jridgewell/sourcemap-codec': 1.5.0

  event-emitter@0.3.5:
    dependencies:
      d: 1.0.2
      es5-ext: 0.10.64

  ext@1.7.0:
    dependencies:
      type: 2.7.3

  fdir@6.4.6: {}

  immediate@3.0.6: {}

  inherits@2.0.4: {}

  is-reference@3.0.3:
    dependencies:
      '@types/estree': 1.0.8

  isarray@1.0.0: {}

  jiti@2.4.2: {}

  json5@2.2.3: {}

  jszip@3.10.1:
    dependencies:
      lie: 3.3.0
      pako: 1.0.11
      readable-stream: 2.3.8
      setimmediate: 1.0.5

  lie@3.1.1:
    dependencies:
      immediate: 3.0.6

  lie@3.3.0:
    dependencies:
      immediate: 3.0.6

  loader-utils@2.0.4:
    dependencies:
      big.js: 5.2.2
      emojis-list: 3.0.0
      json5: 2.2.3

  localforage@1.10.0:
    dependencies:
      lie: 3.1.1

  locate-character@3.0.0: {}

  lodash@4.17.21: {}

  magic-string@0.30.17:
    dependencies:
      '@jridgewell/sourcemap-codec': 1.5.0

  marks-pane@1.0.9: {}

  mri@1.2.0: {}

  next-tick@1.1.0: {}

  pako@1.0.11: {}

  path-webpack@0.0.3: {}

  picocolors@1.1.1: {}

  process-nextick-args@2.0.1: {}

  readable-stream@2.3.8:
    dependencies:
      core-util-is: 1.0.3
      inherits: 2.0.4
      isarray: 1.0.0
      process-nextick-args: 2.0.1
      safe-buffer: 5.1.2
      string_decoder: 1.1.1
      util-deprecate: 1.0.2

  readdirp@4.1.2: {}

  sade@1.8.1:
    dependencies:
      mri: 1.2.0

  safe-buffer@5.1.2: {}

  setimmediate@1.0.5: {}

  string_decoder@1.1.1:
    dependencies:
      safe-buffer: 5.1.2

  svelte-check@4.2.1(svelte@5.34.3)(typescript@5.8.3):
    dependencies:
      '@jridgewell/trace-mapping': 0.3.25
      chokidar: 4.0.3
      fdir: 6.4.6
      picocolors: 1.1.1
      sade: 1.8.1
      svelte: 5.34.3
      typescript: 5.8.3
    transitivePeerDependencies:
      - picomatch

  svelte-dev-helper@1.1.9: {}

  svelte-hmr@0.14.12(svelte@5.34.3):
    dependencies:
      svelte: 5.34.3

  svelte-loader@3.2.4(svelte@5.34.3):
    dependencies:
      loader-utils: 2.0.4
      svelte: 5.34.3
      svelte-dev-helper: 1.1.9
      svelte-hmr: 0.14.12(svelte@5.34.3)

  svelte-preprocess@6.0.3(svelte@5.34.3)(typescript@5.8.3):
    dependencies:
      svelte: 5.34.3
    optionalDependencies:
      typescript: 5.8.3

  svelte@5.34.3:
    dependencies:
      '@ampproject/remapping': 2.3.0
      '@jridgewell/sourcemap-codec': 1.5.0
      '@sveltejs/acorn-typescript': 1.0.5(acorn@8.15.0)
      '@types/estree': 1.0.8
      acorn: 8.15.0
      aria-query: 5.3.2
      axobject-query: 4.1.0
      clsx: 2.1.1
      esm-env: 1.2.2
      esrap: 1.4.9
      is-reference: 3.0.3
      locate-character: 3.0.0
      magic-string: 0.30.17
      zimmerframe: 1.1.2

  tslib@2.8.1: {}

  type@2.7.3: {}

  typescript@5.8.3: {}

  util-deprecate@1.0.2: {}

  zimmerframe@1.1.2: {}
